github.com/Masterminds/semver/v3 v3.2.1 h1:RN9w6+7QoMeJVGyfmbcgs28Br8cvmnucEXnY0rYXWg0=
github.com/Masterminds/semver/v3 v3.2.1/go.mod h1:qvl/7zhW3nngYb5+80sSMF+FG2BjYrf8m9wsX0PNOMQ=
github.com/aws/constructs-go/constructs/v10 v10.3.0 h1:LsjBIMiaDX/vqrXWhzTquBJ9pPdi02/H+z1DCwg0PEM=
github.com/aws/constructs-go/constructs/v10 v10.3.0/go.mod h1:GgzwIwoRJ2UYsr3SU+JhAl+gq5j39bEMYf8ev3J+s9s=
github.com/aws/jsii-runtime-go v1.102.0 h1:ioz2f1eLB6+bb/z0LcflDc4ize/a02DI+OzzgNkAgrg=
github.com/aws/jsii-runtime-go v1.102.0/go.mod h1:ZlLvPqSh0zXs0jw+hhoFSa9lq5kXRqInl1/raLZY964=
github.com/davecgh/go-spew v1.1.1/go.mod h1:J7Y8YcW2NihsgmVo/mv3lAwl/skON4iLHjSsI+c5H38=
github.com/hashicorp/terraform-cdk-go/cdktf v0.21.0-pre.128 h1:c1IY42qNndeUQgCzCnig614sFb+UiTlXW4LIZDKY94U=
github.com/hashicorp/terraform-cdk-go/cdktf v0.21.0-pre.128/go.mod h1:1qQeNydHdUQESUQoVXLcrgB/qmOGwv9m7g61xPtrkg0=
github.com/pmezard/go-difflib v1.0.0/go.mod h1:iKH77koFhYxTK1pcRnkKkqfTogsbg7gZNVY4sRDYZ/4=
github.com/yuin/goldmark v1.4.13/go.mod h1:6yULJ656Px+3vBD8DxQVa3kxgyrAnzto9xy5taEt/CY=
golang.org/x/lint v0.0.0-20210508222113-6edffad5e616/go.mod h1:3xt1FjdF8hUf6vQPIChWIBhFzV8gjjsPE/fR3IyQdNY=
gopkg.in/yaml.v3 v3.0.1/go.mod h1:K4uyk7z7BCEPqu6E+C64Yfv1cQ7kz7rIZviUmN+EgEM=
